
Microsoft Visual Studio Solution File, Format Version 12.00
# Visual Studio Version 16
VisualStudioVersion = 16.0.30523.141
MinimumVisualStudioVersion = 10.0.40219.1
Project("{FAE04EC0-301F-11D3-BF4B-00C04F79EFBC}") = "StudentDesktop", "StudentDesktop\StudentDesktop.csproj", "{2B6878F5-16D3-460F-A10A-FDF4DA8103F0}"
EndProject
Project("{FAE04EC0-301F-11D3-BF4B-00C04F79EFBC}") = "DataLayer", "DataLayer\DataLayer.csproj", "{D4734B1F-7E44-49D7-8645-DE06FF08F831}"
EndProject
Project("{FAE04EC0-301F-11D3-BF4B-00C04F79EFBC}") = "BusinessLayer", "BusinessLayer\BusinessLayer.csproj", "{B552E6D4-D03D-4C3C-9620-57B11FE806F9}"
EndProject
Global
	GlobalSection(SolutionConfigurationPlatforms) = preSolution
		Debug|Any CPU = Debug|Any CPU
		Release|Any CPU = Release|Any CPU
	EndGlobalSection
	GlobalSection(ProjectConfigurationPlatforms) = postSolution
		{2B6878F5-16D3-460F-A10A-FDF4DA8103F0}.Debug|Any CPU.ActiveCfg = Debug|Any CPU
		{2B6878F5-16D3-460F-A10A-FDF4DA8103F0}.Debug|Any CPU.Build.0 = Debug|Any CPU
		{2B6878F5-16D3-460F-A10A-FDF4DA8103F0}.Release|Any CPU.ActiveCfg = Release|Any CPU
		{2B6878F5-16D3-460F-A10A-FDF4DA8103F0}.Release|Any CPU.Build.0 = Release|Any CPU
		{D4734B1F-7E44-49D7-8645-DE06FF08F831}.Debug|Any CPU.ActiveCfg = Debug|Any CPU
		{D4734B1F-7E44-49D7-8645-DE06FF08F831}.Debug|Any CPU.Build.0 = Debug|Any CPU
		{D4734B1F-7E44-49D7-8645-DE06FF08F831}.Release|Any CPU.ActiveCfg = Release|Any CPU
		{D4734B1F-7E44-49D7-8645-DE06FF08F831}.Release|Any CPU.Build.0 = Release|Any CPU
		{B552E6D4-D03D-4C3C-9620-57B11FE806F9}.Debug|Any CPU.ActiveCfg = Debug|Any CPU
		{B552E6D4-D03D-4C3C-9620-57B11FE806F9}.Debug|Any CPU.Build.0 = Debug|Any CPU
		{B552E6D4-D03D-4C3C-9620-57B11FE806F9}.Release|Any CPU.ActiveCfg = Release|Any CPU
		{B552E6D4-D03D-4C3C-9620-57B11FE806F9}.Release|Any CPU.Build.0 = Release|Any CPU
	EndGlobalSection
	GlobalSection(SolutionProperties) = preSolution
		HideSolutionNode = FALSE
	EndGlobalSection
	GlobalSection(ExtensibilityGlobals) = postSolution
		SolutionGuid = {C33E0F29-CDF8-4EF6-8832-781C253F2A9E}
	EndGlobalSection
EndGlobal
